%{"cowboy": {:hex, :cowboy, "1.0.3"},
  "cowlib": {:hex, :cowlib, "1.0.1"},
  "exos": {:hex, :exos, "1.0.0"},
  "plug": {:hex, :plug, "1.0.2"},
  "poison": {:hex, :poison, "1.4.0"},
  "poolboy": {:hex, :poolboy, "1.5.1"},
  "ranch": {:hex, :ranch, "1.1.0"},
  "reaxt": {:hex, :reaxt, "0.3.2"},
  "reprise": {:hex, :reprise, "0.3.0"}}
